
Microsoft Visual Studio Solution File, Format Version 12.00
# Visual Studio Version 16
VisualStudioVersion = 16.0.29509.3
MinimumVisualStudioVersion = 10.0.40219.1
Project("{9A19103F-16F7-4668-BE54-9A1E7A4F7556}") = "SnakeGame2", "SnakeGame2\SnakeGame2.csproj", "{3433B14B-5801-473F-88DD-3ED169095470}"
EndProject
Project("{FAE04EC0-301F-11D3-BF4B-00C04F79EFBC}") = "Rebuild", "Rebuild\Rebuild.csproj", "{E74B1670-8198-4BF1-A2B8-0D113A912AD4}"
EndProject
Global
	GlobalSection(SolutionConfigurationPlatforms) = preSolution
		Debug|Any CPU = Debug|Any CPU
		Release|Any CPU = Release|Any CPU
	EndGlobalSection
	GlobalSection(ProjectConfigurationPlatforms) = postSolution
		{3433B14B-5801-473F-88DD-3ED169095470}.Debug|Any CPU.ActiveCfg = Debug|Any CPU
		{3433B14B-5801-473F-88DD-3ED169095470}.Debug|Any CPU.Build.0 = Debug|Any CPU
		{3433B14B-5801-473F-88DD-3ED169095470}.Release|Any CPU.ActiveCfg = Release|Any CPU
		{3433B14B-5801-473F-88DD-3ED169095470}.Release|Any CPU.Build.0 = Release|Any CPU
		{E74B1670-8198-4BF1-A2B8-0D113A912AD4}.Debug|Any CPU.ActiveCfg = Debug|Any CPU
		{E74B1670-8198-4BF1-A2B8-0D113A912AD4}.Debug|Any CPU.Build.0 = Debug|Any CPU
		{E74B1670-8198-4BF1-A2B8-0D113A912AD4}.Release|Any CPU.ActiveCfg = Release|Any CPU
		{E74B1670-8198-4BF1-A2B8-0D113A912AD4}.Release|Any CPU.Build.0 = Release|Any CPU
	EndGlobalSection
	GlobalSection(SolutionProperties) = preSolution
		HideSolutionNode = FALSE
	EndGlobalSection
	GlobalSection(ExtensibilityGlobals) = postSolution
		SolutionGuid = {4433C852-3C76-4647-A70C-3A4CAEEA4598}
	EndGlobalSection
EndGlobal
